
Microsoft Visual Studio Solution File, Format Version 12.00
Project("{FAE04EC0-301F-11D3-BF4B-00C04F79EFBC}") = "pc24374u202110373.API", "pc24374u202110373.API\pc24374u202110373.API.csproj", "{024F1DC7-5812-4E8C-B401-1AE09CDACC74}"
EndProject
Global
	GlobalSection(SolutionConfigurationPlatforms) = preSolution
		Debug|Any CPU = Debug|Any CPU
		Release|Any CPU = Release|Any CPU
	EndGlobalSection
	GlobalSection(ProjectConfigurationPlatforms) = postSolution
		{024F1DC7-5812-4E8C-B401-1AE09CDACC74}.Debug|Any CPU.ActiveCfg = Debug|Any CPU
		{024F1DC7-5812-4E8C-B401-1AE09CDACC74}.Debug|Any CPU.Build.0 = Debug|Any CPU
		{024F1DC7-5812-4E8C-B401-1AE09CDACC74}.Release|Any CPU.ActiveCfg = Release|Any CPU
		{024F1DC7-5812-4E8C-B401-1AE09CDACC74}.Release|Any CPU.Build.0 = Release|Any CPU
	EndGlobalSection
EndGlobal
